{
  "version": "2",
  "remote": {
    "https://deno.land/std@0.104.0/fmt/colors.ts": "d2f8355f00a74404668fc5a1e4a92983ce1a9b0a6ac1d40efbd681cb8f519586",
    "https://deno.land/std@0.104.0/testing/_diff.ts": "5d3693155f561d1a5443ac751ac70aab9f5d67b4819a621d4b96b8a1a1c89620",
    "https://deno.land/std@0.104.0/testing/asserts.ts": "e4311d45d956459d4423bc267208fe154b5294989da2ed93257b6a85cae0427e",
    "https://deno.land/x/deno_graph@0.28.0/lib/deno_graph.generated.js": "f032b9cfc699aedfbecdb7fc66eeb35d1a2261f414d5748dd7df7ad098c5cf45",
    "https://deno.land/x/deno_graph@0.28.0/lib/loader.ts": "380e37e71d0649eb50176a9786795988fc3c47063a520a54b616d7727b0f8629",
    "https://deno.land/x/deno_graph@0.28.0/lib/media_type.ts": "222626d524fa2f9ebcc0ec7c7a7d5dfc74cc401cc46790f7c5e0eab0b0787707",
    "https://deno.land/x/deno_graph@0.28.0/lib/snippets/deno_graph-8dd9cea14a4968dd/src/deno_apis.js": "41192baaa550a5c6a146280fae358cede917ae16ec4e4315be51bef6631ca892",
    "https://deno.land/x/deno_graph@0.28.0/lib/types.d.ts": "b7571b3df236b09b157522e5e4f72ac6b9437893e3fa74deba9da23bfb126ea8",
    "https://deno.land/x/deno_graph@0.28.0/mod.ts": "bc5218ef7f122cc696906e3a4c8a6d524c58cc06681370f8cfdb67243389318c",
    "https://esm.sh/source-map@0.7.3/source-map.d.ts": "b90c59ac4682368a01c83881b814738eb151de8a58f52eb7edadea2bcffb11b9"
  }
}
