{
  "version": "2",
  "remote": {
    "https://deno.land/std@0.104.0/fmt/colors.ts": "d2f8355f00a74404668fc5a1e4a92983ce1a9b0a6ac1d40efbd681cb8f519586",
    "https://deno.land/std@0.104.0/testing/_diff.ts": "5d3693155f561d1a5443ac751ac70aab9f5d67b4819a621d4b96b8a1a1c89620",
    "https://deno.land/std@0.104.0/testing/asserts.ts": "e4311d45d956459d4423bc267208fe154b5294989da2ed93257b6a85cae0427e",
    "https://deno.land/x/deno_graph@0.43.1/lib/deno_graph_wasm.generated.js": "e189d0684b5b6f6b6faa23bc091a78e3913793f1096a5514369e802dda9eade9",
    "https://deno.land/x/deno_graph@0.43.1/lib/loader.ts": "a2e757383908f4a51659fe1b1203386887ebb17756bac930a64856d613d8d57d",
    "https://deno.land/x/deno_graph@0.43.1/lib/media_type.ts": "a89a1b38d07c160e896de9ceb99285ba8391940140558304171066b5c3ef7609",
    "https://deno.land/x/deno_graph@0.43.1/lib/types.d.ts": "29dd92165cc3107a3ff3234a16742c7a7ea2ee21e330c71cc4c9d8b7a5397c41",
    "https://deno.land/x/deno_graph@0.43.1/mod.ts": "50e494fa1c9a286c4f9f161eb8cad5670d1fd11f07d26d5c7e88c813cf214a69",
    "https://esm.sh/source-map@0.7.3/source-map.d.ts": "b90c59ac4682368a01c83881b814738eb151de8a58f52eb7edadea2bcffb11b9"
  }
}
